// !$*UTF8*$!
{
	archiveVersion = 1;
	classes = {
	};
	objectVersion = 50;
	objects = {

/* Begin PBXBuildFile section */
		CF57DA902634ACD80057C383 /* AppDelegate.swift in Sources */ = {isa = PBXBuildFile; fileRef = CF57DA8F2634ACD80057C383 /* AppDelegate.swift */; };
		CF57DA922634ACD80057C383 /* SceneDelegate.swift in Sources */ = {isa = PBXBuildFile; fileRef = CF57DA912634ACD80057C383 /* SceneDelegate.swift */; };
		CF57DA942634ACD80057C383 /* ViewController.swift in Sources */ = {isa = PBXBuildFile; fileRef = CF57DA932634ACD80057C383 /* ViewController.swift */; };
		CF57DA972634ACD80057C383 /* Main.storyboard in Resources */ = {isa = PBXBuildFile; fileRef = CF57DA952634ACD80057C383 /* Main.storyboard */; };
		CF57DA9A2634ACD80057C383 /* WorkWithCoreData1.xcdatamodeld in Sources */ = {isa = PBXBuildFile; fileRef = CF57DA982634ACD80057C383 /* WorkWithCoreData1.xcdatamodeld */; };
		CF57DA9C2634ACD80057C383 /* Assets.xcassets in Resources */ = {isa = PBXBuildFile; fileRef = CF57DA9B2634ACD80057C383 /* Assets.xcassets */; };
		CF57DA9F2634ACD80057C383 /* LaunchScreen.storyboard in Resources */ = {isa = PBXBuildFile; fileRef = CF57DA9D2634ACD80057C383 /* LaunchScreen.storyboard */; };
/* End PBXBuildFile section */

/* Begin PBXFileReference section */
		CF57DA8C2634ACD80057C383 /* WorkWithCoreData1.app */ = {isa = PBXFileReference; explicitFileType = wrapper.application; includeInIndex = 0; path = WorkWithCoreData1.app; sourceTree = BUILT_PRODUCTS_DIR; };
		CF57DA8F2634ACD80057C383 /* AppDelegate.swift */ = {isa = PBXFileReference; lastKnownFileType = sourcecode.swift; path = AppDelegate.swift; sourceTree = "<group>"; };
		CF57DA912634ACD80057C383 /* SceneDelegate.swift */ = {isa = PBXFileReference; lastKnownFileType = sourcecode.swift; path = SceneDelegate.swift; sourceTree = "<group>"; };
		CF57DA932634ACD80057C383 /* ViewController.swift */ = {isa = PBXFileReference; lastKnownFileType = sourcecode.swift; path = ViewController.swift; sourceTree = "<group>"; };
		CF57DA962634ACD80057C383 /* Base */ = {isa = PBXFileReference; lastKnownFileType = file.storyboard; name = Base; path = Base.lproj/Main.storyboard; sourceTree = "<group>"; };
		CF57DA992634ACD80057C383 /* WorkWithCoreData1.xcdatamodel */ = {isa = PBXFileReference; lastKnownFileType = wrapper.xcdatamodel; path = WorkWithCoreData1.xcdatamodel; sourceTree = "<group>"; };
		CF57DA9B2634ACD80057C383 /* Assets.xcassets */ = {isa = PBXFileReference; lastKnownFileType = folder.assetcatalog; path = Assets.xcassets; sourceTree = "<group>"; };
		CF57DA9E2634ACD80057C383 /* Base */ = {isa = PBXFileReference; lastKnownFileType = file.storyboard; name = Base; path = Base.lproj/LaunchScreen.storyboard; sourceTree = "<group>"; };
		CF57DAA02634ACD80057C383 /* Info.plist */ = {isa = PBXFileReference; lastKnownFileType = text.plist.xml; path = Info.plist; sourceTree = "<group>"; };
/* End PBXFileReference section */

/* Begin PBXFrameworksBuildPhase section */
		CF57DA892634ACD80057C383 /* Frameworks */ = {
			isa = PBXFrameworksBuildPhase;
			buildActionMask = 2147483647;
			files = (
			);
			runOnlyForDeploymentPostprocessing = 0;
		};
/* End PBXFrameworksBuildPhase section */

/* Begin PBXGroup section */
		CF57DA832634ACD70057C383 = {
			isa = PBXGroup;
			children = (
				CF57DA8E2634ACD80057C383 /* WorkWithCoreData1 */,
				CF57DA8D2634ACD80057C383 /* Products */,
			);
			sourceTree = "<group>";
		};
		CF57DA8D2634ACD80057C383 /* Products */ = {
			isa = PBXGroup;
			children = (
				CF57DA8C2634ACD80057C383 /* WorkWithCoreData1.app */,
			);
			name = Products;
			sourceTree = "<group>";
		};
		CF57DA8E2634ACD80057C383 /* WorkWithCoreData1 */ = {
			isa = PBXGroup;
			children = (
				CF57DA8F2634ACD80057C383 /* AppDelegate.swift */,
				CF57DA912634ACD80057C383 /* SceneDelegate.swift */,
				CF57DA932634ACD80057C383 /* ViewController.swift */,
				CF57DA952634ACD80057C383 /* Main.storyboard */,
				CF57DA9B2634ACD80057C383 /* Assets.xcassets */,
				CF57DA9D2634ACD80057C383 /* LaunchScreen.storyboard */,
				CF57DAA02634ACD80057C383 /* Info.plist */,
				CF57DA982634ACD80057C383 /* WorkWithCoreData1.xcdatamodeld */,
			);
			path = WorkWithCoreData1;
			sourceTree = "<group>";
		};
/* End PBXGroup section */

/* Begin PBXNativeTarget section */
		CF57DA8B2634ACD80057C383 /* WorkWithCoreData1 */ = {
			isa = PBXNativeTarget;
			buildConfigurationList = CF57DAA32634ACD80057C383 /* Build configuration list for PBXNativeTarget "WorkWithCoreData1" */;
			buildPhases = (
				CF57DA882634ACD80057C383 /* Sources */,
				CF57DA892634ACD80057C383 /* Frameworks */,
				CF57DA8A2634ACD80057C383 /* Resources */,
			);
			buildRules = (
			);
			dependencies = (
			);
			name = WorkWithCoreData1;
			productName = WorkWithCoreData1;
			productReference = CF57DA8C2634ACD80057C383 /* WorkWithCoreData1.app */;
			productType = "com.apple.product-type.application";
		};
/* End PBXNativeTarget section */

/* Begin PBXProject section */
		CF57DA842634ACD70057C383 /* Project object */ = {
			isa = PBXProject;
			attributes = {
				LastSwiftUpdateCheck = 1250;
				LastUpgradeCheck = 1250;
				TargetAttributes = {
					CF57DA8B2634ACD80057C383 = {
						CreatedOnToolsVersion = 12.5;
					};
				};
			};
			buildConfigurationList = CF57DA872634ACD70057C383 /* Build configuration list for PBXProject "WorkWithCoreData1" */;
			compatibilityVersion = "Xcode 9.3";
			developmentRegion = en;
			hasScannedForEncodings = 0;
			knownRegions = (
				en,
				Base,
			);
			mainGroup = CF57DA832634ACD70057C383;
			productRefGroup = CF57DA8D2634ACD80057C383 /* Products */;
			projectDirPath = "";
			projectRoot = "";
			targets = (
				CF57DA8B2634ACD80057C383 /* WorkWithCoreData1 */,
			);
		};
/* End PBXProject section */

/* Begin PBXResourcesBuildPhase section */
		CF57DA8A2634ACD80057C383 /* Resources */ = {
			isa = PBXResourcesBuildPhase;
			buildActionMask = 2147483647;
			files = (
				CF57DA9F2634ACD80057C383 /* LaunchScreen.storyboard in Resources */,
				CF57DA9C2634ACD80057C383 /* Assets.xcassets in Resources */,
				CF57DA972634ACD80057C383 /* Main.storyboard in Resources */,
			);
			runOnlyForDeploymentPostprocessing = 0;
		};
/* End PBXResourcesBuildPhase section */

/* Begin PBXSourcesBuildPhase section */
		CF57DA882634ACD80057C383 /* Sources */ = {
			isa = PBXSourcesBuildPhase;
			buildActionMask = 2147483647;
			files = (
				CF57DA942634ACD80057C383 /* ViewController.swift in Sources */,
				CF57DA9A2634ACD80057C383 /* WorkWithCoreData1.xcdatamodeld in Sources */,
				CF57DA902634ACD80057C383 /* AppDelegate.swift in Sources */,
				CF57DA922634ACD80057C383 /* SceneDelegate.swift in Sources */,
			);
			runOnlyForDeploymentPostprocessing = 0;
		};
/* End PBXSourcesBuildPhase section */

/* Begin PBXVariantGroup section */
		CF57DA952634ACD80057C383 /* Main.storyboard */ = {
			isa = PBXVariantGroup;
			children = (
				CF57DA962634ACD80057C383 /* Base */,
			);
			name = Main.storyboard;
			sourceTree = "<group>";
		};
		CF57DA9D2634ACD80057C383 /* LaunchScreen.storyboard */ = {
			isa = PBXVariantGroup;
			children = (
				CF57DA9E2634ACD80057C383 /* Base */,
			);
			name = LaunchScreen.storyboard;
			sourceTree = "<group>";
		};
/* End PBXVariantGroup section */

/* Begin XCBuildConfiguration section */
		CF57DAA12634ACD80057C383 /* Debug */ = {
			isa = XCBuildConfiguration;
			buildSettings = {
				ALWAYS_SEARCH_USER_PATHS = NO;
				CLANG_ANALYZER_NONNULL = YES;
				CLANG_ANALYZER_NUMBER_OBJECT_CONVERSION = YES_AGGRESSIVE;
				CLANG_CXX_LANGUAGE_STANDARD = "gnu++14";
				CLANG_CXX_LIBRARY = "libc++";
				CLANG_ENABLE_MODULES = YES;
				CLANG_ENABLE_OBJC_ARC = YES;
				CLANG_ENABLE_OBJC_WEAK = YES;
				CLANG_WARN_BLOCK_CAPTURE_AUTORELEASING = YES;
				CLANG_WARN_BOOL_CONVERSION = YES;
				CLANG_WARN_COMMA = YES;
				CLANG_WARN_CONSTANT_CONVERSION = YES;
				CLANG_WARN_DEPRECATED_OBJC_IMPLEMENTATIONS = YES;
				CLANG_WARN_DIRECT_OBJC_ISA_USAGE = YES_ERROR;
				CLANG_WARN_DOCUMENTATION_COMMENTS = YES;
				CLANG_WARN_EMPTY_BODY = YES;
				CLANG_WARN_ENUM_CONVERSION = YES;
				CLANG_WARN_INFINITE_RECURSION = YES;
				CLANG_WARN_INT_CONVERSION = YES;
				CLANG_WARN_NON_LITERAL_NULL_CONVERSION = YES;
				CLANG_WARN_OBJC_IMPLICIT_RETAIN_SELF = YES;
				CLANG_WARN_OBJC_LITERAL_CONVERSION = YES;
				CLANG_WARN_OBJC_ROOT_CLASS = YES_ERROR;
				CLANG_WARN_QUOTED_INCLUDE_IN_FRAMEWORK_HEADER = YES;
				CLANG_WARN_RANGE_LOOP_ANALYSIS = YES;
				CLANG_WARN_STRICT_PROTOTYPES = YES;
				CLANG_WARN_SUSPICIOUS_MOVE = YES;
				CLANG_WARN_UNGUARDED_AVAILABILITY = YES_AGGRESSIVE;
				CLANG_WARN_UNREACHABLE_CODE = YES;
				CLANG_WARN__DUPLICATE_METHOD_MATCH = YES;
				COPY_PHASE_STRIP = NO;
				DEBUG_INFORMATION_FORMAT = dwarf;
				ENABLE_STRICT_OBJC_MSGSEND = YES;
				ENABLE_TESTABILITY = YES;
				GCC_C_LANGUAGE_STANDARD = gnu11;
				GCC_DYNAMIC_NO_PIC = NO;
				GCC_NO_COMMON_BLOCKS = YES;
				GCC_OPTIMIZATION_LEVEL = 0;
				GCC_PREPROCESSOR_DEFINITIONS = (
					"DEBUG=1",
					"$(inherited)",
				);
				GCC_WARN_64_TO_32_BIT_CONVERSION = YES;
				GCC_WARN_ABOUT_RETURN_TYPE = YES_ERROR;
				GCC_WARN_UNDECLARED_SELECTOR = YES;
				GCC_WARN_UNINITIALIZED_AUTOS = YES_AGGRESSIVE;
				GCC_WARN_UNUSED_FUNCTION = YES;
				GCC_WARN_UNUSED_VARIABLE = YES;
				IPHONEOS_DEPLOYMENT_TARGET = 14.5;
				MTL_ENABLE_DEBUG_INFO = INCLUDE_SOURCE;
				MTL_FAST_MATH = YES;
				ONLY_ACTIVE_ARCH = YES;
				SDKROOT = iphoneos;
				SWIFT_ACTIVE_COMPILATION_CONDITIONS = DEBUG;
				SWIFT_OPTIMIZATION_LEVEL = "-Onone";
			};
			name = Debug;
		};
		CF57DAA22634ACD80057C383 /* Release */ = {
			isa = XCBuildConfiguration;
			buildSettings = {
				ALWAYS_SEARCH_USER_PATHS = NO;
				CLANG_ANALYZER_NONNULL = YES;
				CLANG_ANALYZER_NUMBER_OBJECT_CONVERSION = YES_AGGRESSIVE;
				CLANG_CXX_LANGUAGE_STANDARD = "gnu++14";
				CLANG_CXX_LIBRARY = "libc++";
				CLANG_ENABLE_MODULES = YES;
				CLANG_ENABLE_OBJC_ARC = YES;
				CLANG_ENABLE_OBJC_WEAK = YES;
				CLANG_WARN_BLOCK_CAPTURE_AUTORELEASING = YES;
				CLANG_WARN_BOOL_CONVERSION = YES;
				CLANG_WARN_COMMA = YES;
				CLANG_WARN_CONSTANT_CONVERSION = YES;
				CLANG_WARN_DEPRECATED_OBJC_IMPLEMENTATIONS = YES;
				CLANG_WARN_DIRECT_OBJC_ISA_USAGE = YES_ERROR;
				CLANG_WARN_DOCUMENTATION_COMMENTS = YES;
				CLANG_WARN_EMPTY_BODY = YES;
				CLANG_WARN_ENUM_CONVERSION = YES;
				CLANG_WARN_INFINITE_RECURSION = YES;
				CLANG_WARN_INT_CONVERSION = YES;
				CLANG_WARN_NON_LITERAL_NULL_CONVERSION = YES;
				CLANG_WARN_OBJC_IMPLICIT_RETAIN_SELF = YES;
				CLANG_WARN_OBJC_LITERAL_CONVERSION = YES;
				CLANG_WARN_OBJC_ROOT_CLASS = YES_ERROR;
				CLANG_WARN_QUOTED_INCLUDE_IN_FRAMEWORK_HEADER = YES;
				CLANG_WARN_RANGE_LOOP_ANALYSIS = YES;
				CLANG_WARN_STRICT_PROTOTYPES = YES;
				CLANG_WARN_SUSPICIOUS_MOVE = YES;
				CLANG_WARN_UNGUARDED_AVAILABILITY = YES_AGGRESSIVE;
				CLANG_WARN_UNREACHABLE_CODE = YES;
				CLANG_WARN__DUPLICATE_METHOD_MATCH = YES;
				COPY_PHASE_STRIP = NO;
				DEBUG_INFORMATION_FORMAT = "dwarf-with-dsym";
				ENABLE_NS_ASSERTIONS = NO;
				ENABLE_STRICT_OBJC_MSGSEND = YES;
				GCC_C_LANGUAGE_STANDARD = gnu11;
				GCC_NO_COMMON_BLOCKS = YES;
				GCC_WARN_64_TO_32_BIT_CONVERSION = YES;
				GCC_WARN_ABOUT_RETURN_TYPE = YES_ERROR;
				GCC_WARN_UNDECLARED_SELECTOR = YES;
				GCC_WARN_UNINITIALIZED_AUTOS = YES_AGGRESSIVE;
				GCC_WARN_UNUSED_FUNCTION = YES;
				GCC_WARN_UNUSED_VARIABLE = YES;
				IPHONEOS_DEPLOYMENT_TARGET = 14.5;
				MTL_ENABLE_DEBUG_INFO = NO;
				MTL_FAST_MATH = YES;
				SDKROOT = iphoneos;
				SWIFT_COMPILATION_MODE = wholemodule;
				SWIFT_OPTIMIZATION_LEVEL = "-O";
				VALIDATE_PRODUCT = YES;
			};
			name = Release;
		};
		CF57DAA42634ACD80057C383 /* Debug */ = {
			isa = XCBuildConfiguration;
			buildSettings = {
				ASSETCATALOG_COMPILER_APPICON_NAME = AppIcon;
				ASSETCATALOG_COMPILER_GLOBAL_ACCENT_COLOR_NAME = AccentColor;
				CODE_SIGN_STYLE = Automatic;
				DEVELOPMENT_TEAM = 5PK8QPHVAN;
				INFOPLIST_FILE = WorkWithCoreData1/Info.plist;
				LD_RUNPATH_SEARCH_PATHS = (
					"$(inherited)",
					"@executable_path/Frameworks",
				);
				PRODUCT_BUNDLE_IDENTIFIER = kaanyigit.WorkWithCoreData1;
				PRODUCT_NAME = "$(TARGET_NAME)";
				SWIFT_VERSION = 5.0;
				TARGETED_DEVICE_FAMILY = "1,2";
			};
			name = Debug;
		};
		CF57DAA52634ACD80057C383 /* Release */ = {
			isa = XCBuildConfiguration;
			buildSettings = {
				ASSETCATALOG_COMPILER_APPICON_NAME = AppIcon;
				ASSETCATALOG_COMPILER_GLOBAL_ACCENT_COLOR_NAME = AccentColor;
				CODE_SIGN_STYLE = Automatic;
				DEVELOPMENT_TEAM = 5PK8QPHVAN;
				INFOPLIST_FILE = WorkWithCoreData1/Info.plist;
				LD_RUNPATH_SEARCH_PATHS = (
					"$(inherited)",
					"@executable_path/Frameworks",
				);
				PRODUCT_BUNDLE_IDENTIFIER = kaanyigit.WorkWithCoreData1;
				PRODUCT_NAME = "$(TARGET_NAME)";
				SWIFT_VERSION = 5.0;
				TARGETED_DEVICE_FAMILY = "1,2";
			};
			name = Release;
		};
/* End XCBuildConfiguration section */

/* Begin XCConfigurationList section */
		CF57DA872634ACD70057C383 /* Build configuration list for PBXProject "WorkWithCoreData1" */ = {
			isa = XCConfigurationList;
			buildConfigurations = (
				CF57DAA12634ACD80057C383 /* Debug */,
				CF57DAA22634ACD80057C383 /* Release */,
			);
			defaultConfigurationIsVisible = 0;
			defaultConfigurationName = Release;
		};
		CF57DAA32634ACD80057C383 /* Build configuration list for PBXNativeTarget "WorkWithCoreData1" */ = {
			isa = XCConfigurationList;
			buildConfigurations = (
				CF57DAA42634ACD80057C383 /* Debug */,
				CF57DAA52634ACD80057C383 /* Release */,
			);
			defaultConfigurationIsVisible = 0;
			defaultConfigurationName = Release;
		};
/* End XCConfigurationList section */

/* Begin XCVersionGroup section */
		CF57DA982634ACD80057C383 /* WorkWithCoreData1.xcdatamodeld */ = {
			isa = XCVersionGroup;
			children = (
				CF57DA992634ACD80057C383 /* WorkWithCoreData1.xcdatamodel */,
			);
			currentVersion = CF57DA992634ACD80057C383 /* WorkWithCoreData1.xcdatamodel */;
			path = WorkWithCoreData1.xcdatamodeld;
			sourceTree = "<group>";
			versionGroupType = wrapper.xcdatamodel;
		};
/* End XCVersionGroup section */
	};
	rootObject = CF57DA842634ACD70057C383 /* Project object */;
}
